{
  "name": "sunbeam",
  "lockfileVersion": 3,
  "requires": true,
  "packages": {
    "": {
      "dependencies": {
        "google-translate-api-x": "^10.6.7"
      }
    },
    "node_modules/google-translate-api-x": {
      "version": "10.6.7",
      "resolved": "https://registry.npmjs.org/google-translate-api-x/-/google-translate-api-x-10.6.7.tgz",
      "integrity": "sha512-xw20Kjv5u84Q3FwKTk4CU1PZrYoOsRcKq0z7J3a98aIcscOCZnW3T43Rb/SOl/JPUj/QYyjJiRW9G+MQhxUnAw==",
      "engines": {
        "node": ">=14.0.0"
      }
    }
  }
}
